
Microsoft Visual Studio Solution File, Format Version 12.00
# Visual Studio 15
VisualStudioVersion = 15.0.27703.2042
MinimumVisualStudioVersion = 10.0.40219.1
Project("{FAE04EC0-301F-11D3-BF4B-00C04F79EFBC}") = "Add.Net", "Add.Net\Add.Net.csproj", "{366EE6F1-B2B1-4248-BF1C-57076DB41D46}"
EndProject
Global
	GlobalSection(SolutionConfigurationPlatforms) = preSolution
		Debug|Any CPU = Debug|Any CPU
		Release|Any CPU = Release|Any CPU
	EndGlobalSection
	GlobalSection(ProjectConfigurationPlatforms) = postSolution
		{366EE6F1-B2B1-4248-BF1C-57076DB41D46}.Debug|Any CPU.ActiveCfg = Debug|Any CPU
		{366EE6F1-B2B1-4248-BF1C-57076DB41D46}.Debug|Any CPU.Build.0 = Debug|Any CPU
		{366EE6F1-B2B1-4248-BF1C-57076DB41D46}.Release|Any CPU.ActiveCfg = Release|Any CPU
		{366EE6F1-B2B1-4248-BF1C-57076DB41D46}.Release|Any CPU.Build.0 = Release|Any CPU
	EndGlobalSection
	GlobalSection(SolutionProperties) = preSolution
		HideSolutionNode = FALSE
	EndGlobalSection
	GlobalSection(ExtensibilityGlobals) = postSolution
		SolutionGuid = {0B3E6E2B-2450-431A-84E8-DD10D4BD2278}
	EndGlobalSection
EndGlobal
